
Microsoft Visual Studio Solution File, Format Version 12.00
# Visual Studio Version 16
VisualStudioVersion = 16.0.30320.27
MinimumVisualStudioVersion = 10.0.40219.1
Project("{F184B08F-C81C-45F6-A57F-5ABD9991F28F}") = "Calculator", "Calculator.vbproj", "{DC89B82D-37A8-4FC3-B05A-4BFAECC6FE38}"
EndProject
Global
	GlobalSection(SolutionConfigurationPlatforms) = preSolution
		Debug|Any CPU = Debug|Any CPU
		Release|Any CPU = Release|Any CPU
	EndGlobalSection
	GlobalSection(ProjectConfigurationPlatforms) = postSolution
		{DC89B82D-37A8-4FC3-B05A-4BFAECC6FE38}.Debug|Any CPU.ActiveCfg = Debug|Any CPU
		{DC89B82D-37A8-4FC3-B05A-4BFAECC6FE38}.Debug|Any CPU.Build.0 = Debug|Any CPU
		{DC89B82D-37A8-4FC3-B05A-4BFAECC6FE38}.Release|Any CPU.ActiveCfg = Release|Any CPU
		{DC89B82D-37A8-4FC3-B05A-4BFAECC6FE38}.Release|Any CPU.Build.0 = Release|Any CPU
	EndGlobalSection
	GlobalSection(SolutionProperties) = preSolution
		HideSolutionNode = FALSE
	EndGlobalSection
	GlobalSection(ExtensibilityGlobals) = postSolution
		SolutionGuid = {4C2EF10E-7909-44E7-92ED-8576F188BD4C}
	EndGlobalSection
EndGlobal
